
Microsoft Visual Studio Solution File, Format Version 12.00
# Visual Studio Version 17
VisualStudioVersion = 17.0.31903.59
MinimumVisualStudioVersion = 10.0.40219.1
Project("{FAE04EC0-301F-11D3-BF4B-00C04F79EFBC}") = "Clero", "src\Clero\Clero.csproj", "{1DF949DE-6DEB-4262-9CF3-CBD9DD3374B0}"
EndProject
Project("{FAE04EC0-301F-11D3-BF4B-00C04F79EFBC}") = "Clero.Cli", "src\Clero.Cli\Clero.Cli.csproj", "{32FF754F-6CDB-4990-9942-54DF1D74B401}"
EndProject
Global
	GlobalSection(SolutionConfigurationPlatforms) = preSolution
		Debug|Any CPU = Debug|Any CPU
		Release|Any CPU = Release|Any CPU
	EndGlobalSection
	GlobalSection(SolutionProperties) = preSolution
		HideSolutionNode = FALSE
	EndGlobalSection
	GlobalSection(ProjectConfigurationPlatforms) = postSolution
		{1DF949DE-6DEB-4262-9CF3-CBD9DD3374B0}.Debug|Any CPU.ActiveCfg = Debug|Any CPU
		{1DF949DE-6DEB-4262-9CF3-CBD9DD3374B0}.Debug|Any CPU.Build.0 = Debug|Any CPU
		{1DF949DE-6DEB-4262-9CF3-CBD9DD3374B0}.Release|Any CPU.ActiveCfg = Release|Any CPU
		{1DF949DE-6DEB-4262-9CF3-CBD9DD3374B0}.Release|Any CPU.Build.0 = Release|Any CPU
		{32FF754F-6CDB-4990-9942-54DF1D74B401}.Debug|Any CPU.ActiveCfg = Debug|Any CPU
		{32FF754F-6CDB-4990-9942-54DF1D74B401}.Debug|Any CPU.Build.0 = Debug|Any CPU
		{32FF754F-6CDB-4990-9942-54DF1D74B401}.Release|Any CPU.ActiveCfg = Release|Any CPU
		{32FF754F-6CDB-4990-9942-54DF1D74B401}.Release|Any CPU.Build.0 = Release|Any CPU
	EndGlobalSection
	GlobalSection(NestedProjects) = preSolution
	EndGlobalSection
EndGlobal
